
Microsoft Visual Studio Solution File, Format Version 12.00
# Visual Studio 15
VisualStudioVersion = 15.0.28307.136
MinimumVisualStudioVersion = 10.0.40219.1
Project("{FAE04EC0-301F-11D3-BF4B-00C04F79EFBC}") = "Opdracht 3 Reversi", "Opdracht 3 Reversi\Opdracht 3 Reversi.csproj", "{11266391-9C1A-4C3E-9265-E93F0AB20CFE}"
EndProject
Global
	GlobalSection(SolutionConfigurationPlatforms) = preSolution
		Debug|Any CPU = Debug|Any CPU
		Release|Any CPU = Release|Any CPU
	EndGlobalSection
	GlobalSection(ProjectConfigurationPlatforms) = postSolution
		{11266391-9C1A-4C3E-9265-E93F0AB20CFE}.Debug|Any CPU.ActiveCfg = Debug|Any CPU
		{11266391-9C1A-4C3E-9265-E93F0AB20CFE}.Debug|Any CPU.Build.0 = Debug|Any CPU
		{11266391-9C1A-4C3E-9265-E93F0AB20CFE}.Release|Any CPU.ActiveCfg = Release|Any CPU
		{11266391-9C1A-4C3E-9265-E93F0AB20CFE}.Release|Any CPU.Build.0 = Release|Any CPU
	EndGlobalSection
	GlobalSection(SolutionProperties) = preSolution
		HideSolutionNode = FALSE
	EndGlobalSection
	GlobalSection(ExtensibilityGlobals) = postSolution
		SolutionGuid = {42BCC241-2290-4A91-A7F9-DCF2CD29B370}
	EndGlobalSection
EndGlobal
